
Microsoft Visual Studio Solution File, Format Version 12.00
# Visual Studio Version 16
VisualStudioVersion = 16.0.30104.148
MinimumVisualStudioVersion = 10.0.40219.1
Project("{FAE04EC0-301F-11D3-BF4B-00C04F79EFBC}") = "HeapSort", "HeapSort.csproj", "{B99F0DEE-8ED2-4903-9EE6-5A710CC8E8EE}"
EndProject
Global
	GlobalSection(SolutionConfigurationPlatforms) = preSolution
		Debug|Any CPU = Debug|Any CPU
		Release|Any CPU = Release|Any CPU
	EndGlobalSection
	GlobalSection(ProjectConfigurationPlatforms) = postSolution
		{B99F0DEE-8ED2-4903-9EE6-5A710CC8E8EE}.Debug|Any CPU.ActiveCfg = Debug|Any CPU
		{B99F0DEE-8ED2-4903-9EE6-5A710CC8E8EE}.Debug|Any CPU.Build.0 = Debug|Any CPU
		{B99F0DEE-8ED2-4903-9EE6-5A710CC8E8EE}.Release|Any CPU.ActiveCfg = Release|Any CPU
		{B99F0DEE-8ED2-4903-9EE6-5A710CC8E8EE}.Release|Any CPU.Build.0 = Release|Any CPU
	EndGlobalSection
	GlobalSection(SolutionProperties) = preSolution
		HideSolutionNode = FALSE
	EndGlobalSection
	GlobalSection(ExtensibilityGlobals) = postSolution
		SolutionGuid = {B50A48B0-6186-4A19-B378-56F8F672E7FA}
	EndGlobalSection
EndGlobal
